
Microsoft Visual Studio Solution File, Format Version 12.00
# Visual Studio 15
Project("{FAE04EC0-301F-11D3-BF4B-00C04F79EFBC}") = "FileForgeDP", "FileForgeDP\FileForgeDP.csproj", "{737122C2-4B40-438D-999D-5B0FD8EB1A6E}"
EndProject
Project("{FAE04EC0-301F-11D3-BF4B-00C04F79EFBC}") = "FileForgeDP.Database", "FileForgeDP.Database\FileForgeDP.Database.csproj", "{1681DCCB-402E-465F-BE00-F6D26349B6F7}"
EndProject
Global
	GlobalSection(SolutionConfigurationPlatforms) = preSolution
		Debug|Any CPU = Debug|Any CPU
		Release|Any CPU = Release|Any CPU
	EndGlobalSection
	GlobalSection(ProjectConfigurationPlatforms) = postSolution
		{737122C2-4B40-438D-999D-5B0FD8EB1A6E}.Debug|Any CPU.ActiveCfg = Debug|Any CPU
		{737122C2-4B40-438D-999D-5B0FD8EB1A6E}.Debug|Any CPU.Build.0 = Debug|Any CPU
		{737122C2-4B40-438D-999D-5B0FD8EB1A6E}.Release|Any CPU.ActiveCfg = Release|Any CPU
		{737122C2-4B40-438D-999D-5B0FD8EB1A6E}.Release|Any CPU.Build.0 = Release|Any CPU
		{1681DCCB-402E-465F-BE00-F6D26349B6F7}.Debug|Any CPU.ActiveCfg = Debug|Any CPU
		{1681DCCB-402E-465F-BE00-F6D26349B6F7}.Debug|Any CPU.Build.0 = Debug|Any CPU
		{1681DCCB-402E-465F-BE00-F6D26349B6F7}.Release|Any CPU.ActiveCfg = Release|Any CPU
		{1681DCCB-402E-465F-BE00-F6D26349B6F7}.Release|Any CPU.Build.0 = Release|Any CPU
	EndGlobalSection
EndGlobal
